
Microsoft Visual Studio Solution File, Format Version 12.00
# Visual Studio Version 17
VisualStudioVersion = 17.14.36301.6 d17.14
MinimumVisualStudioVersion = 10.0.40219.1
Project("{FAE04EC0-301F-11D3-BF4B-00C04F79EFBC}") = "ELearning_ToanHocHay_Control", "ELearning_ToanHocHay_Control\ELearning_ToanHocHay_Control.csproj", "{6BEB192B-7A0C-4540-9313-BCD862BDECAA}"
EndProject
Global
	GlobalSection(SolutionConfigurationPlatforms) = preSolution
		Debug|Any CPU = Debug|Any CPU
		Release|Any CPU = Release|Any CPU
	EndGlobalSection
	GlobalSection(ProjectConfigurationPlatforms) = postSolution
		{6BEB192B-7A0C-4540-9313-BCD862BDECAA}.Debug|Any CPU.ActiveCfg = Debug|Any CPU
		{6BEB192B-7A0C-4540-9313-BCD862BDECAA}.Debug|Any CPU.Build.0 = Debug|Any CPU
		{6BEB192B-7A0C-4540-9313-BCD862BDECAA}.Release|Any CPU.ActiveCfg = Release|Any CPU
		{6BEB192B-7A0C-4540-9313-BCD862BDECAA}.Release|Any CPU.Build.0 = Release|Any CPU
	EndGlobalSection
	GlobalSection(SolutionProperties) = preSolution
		HideSolutionNode = FALSE
	EndGlobalSection
	GlobalSection(ExtensibilityGlobals) = postSolution
		SolutionGuid = {57EFDCEE-82FE-454C-B3E6-FEE6D33D4E96}
	EndGlobalSection
EndGlobal
